{
  "name": "test-app",
  "version": "1.0.0",
  "lockfileVersion": 3,
  "requires": true,
  "packages": {
    "": {
      "name": "test-app",
      "version": "1.0.0",
      "license": "ISC",
      "dependencies": {
        "loading-games": "file:../packages/core/loading-games-0.0.1.tgz"
      }
    },
    "node_modules/loading-games": {
      "version": "0.0.1",
      "resolved": "file:../packages/core/loading-games-0.0.1.tgz",
      "integrity": "sha512-GWRU6oRyOvLXYnbVyhPiW6NOjS+Hoo0wYDNmM0O/on44KArMGBLdFxdppqYzWfWA/B/GXjY8PpYnhxO1EoG6zw==",
      "license": "MIT",
      "peerDependencies": {
        "react": ">=17.0.0",
        "svelte": ">=4.0.0",
        "vue": ">=3.3.0"
      },
      "peerDependenciesMeta": {
        "react": {
          "optional": true
        },
        "svelte": {
          "optional": true
        },
        "vue": {
          "optional": true
        }
      }
    }
  }
}
